// !$*UTF8*$!
{
	archiveVersion = 1;
	classes = {
	};
	objectVersion = 50;
	objects = {

/* Begin PBXBuildFile section */
		2A69D37421F768250072AA22 /* lose.wav in Resources */ = {isa = PBXBuildFile; fileRef = 2A69D36F21F768250072AA22 /* lose.wav */; };
		2A69D37521F768250072AA22 /* hitCatLady.wav in Resources */ = {isa = PBXBuildFile; fileRef = 2A69D37021F768250072AA22 /* hitCatLady.wav */; };
		2A69D37621F768250072AA22 /* hitCat.wav in Resources */ = {isa = PBXBuildFile; fileRef = 2A69D37121F768250072AA22 /* hitCat.wav */; };
		2A69D37721F768250072AA22 /* backgroundMusic.mp3 in Resources */ = {isa = PBXBuildFile; fileRef = 2A69D37221F768250072AA22 /* backgroundMusic.mp3 */; };
		2A69D37821F768250072AA22 /* win.wav in Resources */ = {isa = PBXBuildFile; fileRef = 2A69D37321F768250072AA22 /* win.wav */; };
		2A69D37A21F7685E0072AA22 /* GameOverScene.swift in Sources */ = {isa = PBXBuildFile; fileRef = 2A69D37921F7685E0072AA22 /* GameOverScene.swift */; };
		2A69D37C21FC13620072AA22 /* fontScene.swift in Sources */ = {isa = PBXBuildFile; fileRef = 2A69D37B21FC13620072AA22 /* fontScene.swift */; };
		2A69D37E21FC1EB80072AA22 /* GLIMSTIC.TTF in Resources */ = {isa = PBXBuildFile; fileRef = 2A69D37D21FC1EB80072AA22 /* GLIMSTIC.TTF */; };
		2A69D38621FC24610072AA22 /* AppDelegate.swift in Sources */ = {isa = PBXBuildFile; fileRef = 2A69D38521FC24610072AA22 /* AppDelegate.swift */; };
		2A69D38C21FC24610072AA22 /* GameScene.swift in Sources */ = {isa = PBXBuildFile; fileRef = 2A69D38B21FC24610072AA22 /* GameScene.swift */; };
		2A69D38E21FC24610072AA22 /* GameViewController.swift in Sources */ = {isa = PBXBuildFile; fileRef = 2A69D38D21FC24610072AA22 /* GameViewController.swift */; };
		2A69D39121FC24610072AA22 /* Main.storyboard in Resources */ = {isa = PBXBuildFile; fileRef = 2A69D38F21FC24610072AA22 /* Main.storyboard */; };
		2A69D39321FC24630072AA22 /* Assets.xcassets in Resources */ = {isa = PBXBuildFile; fileRef = 2A69D39221FC24630072AA22 /* Assets.xcassets */; };
		2A69D39621FC24630072AA22 /* LaunchScreen.storyboard in Resources */ = {isa = PBXBuildFile; fileRef = 2A69D39421FC24630072AA22 /* LaunchScreen.storyboard */; };
		2A69D3A121FC253C0072AA22 /* mrreow.mp3 in Resources */ = {isa = PBXBuildFile; fileRef = 2A69D39C21FC253C0072AA22 /* mrreow.mp3 */; };
		2A69D3A221FC253C0072AA22 /* pop.mp3 in Resources */ = {isa = PBXBuildFile; fileRef = 2A69D39D21FC253C0072AA22 /* pop.mp3 */; };
		2A69D3A321FC253C0072AA22 /* win.mp3 in Resources */ = {isa = PBXBuildFile; fileRef = 2A69D39E21FC253C0072AA22 /* win.mp3 */; };
		2A69D3A421FC253C0072AA22 /* lose.mp3 in Resources */ = {isa = PBXBuildFile; fileRef = 2A69D39F21FC253C0072AA22 /* lose.mp3 */; };
		2A69D3A521FC253C0072AA22 /* backgroundMusic.mp3 in Resources */ = {isa = PBXBuildFile; fileRef = 2A69D3A021FC253C0072AA22 /* backgroundMusic.mp3 */; };
		2A69D3CD21FC7E620072AA22 /* GameScene.sks in Resources */ = {isa = PBXBuildFile; fileRef = 2A69D3CB21FC7E620072AA22 /* GameScene.sks */; };
		2A69D3D021FC88640072AA22 /* Cat.sks in Resources */ = {isa = PBXBuildFile; fileRef = 2A69D3CF21FC88640072AA22 /* Cat.sks */; };
		4234B2E522128695002F6761 /* BedNode.swift in Sources */ = {isa = PBXBuildFile; fileRef = 4234B2E422128695002F6761 /* BedNode.swift */; };
		4234B2E72212A829002F6761 /* CatNode.swift in Sources */ = {isa = PBXBuildFile; fileRef = 4234B2E62212A829002F6761 /* CatNode.swift */; };
		4234B2F52212B651002F6761 /* SKColor+Extensions.swift in Sources */ = {isa = PBXBuildFile; fileRef = 4234B2E92212B651002F6761 /* SKColor+Extensions.swift */; };
		4234B2F62212B651002F6761 /* CGVector+Extensions.swift in Sources */ = {isa = PBXBuildFile; fileRef = 4234B2EA2212B651002F6761 /* CGVector+Extensions.swift */; };
		4234B2F72212B651002F6761 /* Int+Extensions.swift in Sources */ = {isa = PBXBuildFile; fileRef = 4234B2EB2212B651002F6761 /* Int+Extensions.swift */; };
		4234B2F82212B651002F6761 /* SKTTimingFunctions.swift in Sources */ = {isa = PBXBuildFile; fileRef = 4234B2EC2212B651002F6761 /* SKTTimingFunctions.swift */; };
		4234B2F92212B651002F6761 /* SKAction+Extensions.swift in Sources */ = {isa = PBXBuildFile; fileRef = 4234B2ED2212B651002F6761 /* SKAction+Extensions.swift */; };
		4234B2FA2212B651002F6761 /* SKAction+SpecialEffects.swift in Sources */ = {isa = PBXBuildFile; fileRef = 4234B2EE2212B651002F6761 /* SKAction+SpecialEffects.swift */; };
		4234B2FB2212B651002F6761 /* SKNode+Extensions.swift in Sources */ = {isa = PBXBuildFile; fileRef = 4234B2EF2212B651002F6761 /* SKNode+Extensions.swift */; };
		4234B2FC2212B651002F6761 /* CGPoint+Extensions.swift in Sources */ = {isa = PBXBuildFile; fileRef = 4234B2F02212B651002F6761 /* CGPoint+Extensions.swift */; };
		4234B2FD2212B651002F6761 /* SKTEffects.swift in Sources */ = {isa = PBXBuildFile; fileRef = 4234B2F12212B651002F6761 /* SKTEffects.swift */; };
		4234B2FE2212B651002F6761 /* SKTAudio.swift in Sources */ = {isa = PBXBuildFile; fileRef = 4234B2F22212B651002F6761 /* SKTAudio.swift */; };
		4234B2FF2212B651002F6761 /* Vector3.swift in Sources */ = {isa = PBXBuildFile; fileRef = 4234B2F32212B651002F6761 /* Vector3.swift */; };
		4234B3002212B651002F6761 /* CGFloat+Extensions.swift in Sources */ = {isa = PBXBuildFile; fileRef = 4234B2F42212B651002F6761 /* CGFloat+Extensions.swift */; };
		4234B3022212C3FF002F6761 /* BlockNode.swift in Sources */ = {isa = PBXBuildFile; fileRef = 4234B3012212C3FF002F6761 /* BlockNode.swift */; };
		4234B3042212D8C3002F6761 /* MessageNode.swift in Sources */ = {isa = PBXBuildFile; fileRef = 4234B3032212D8C3002F6761 /* MessageNode.swift */; };
		4234B3062212DCEA002F6761 /* CatWakeUp.sks in Resources */ = {isa = PBXBuildFile; fileRef = 4234B3052212DCEA002F6761 /* CatWakeUp.sks */; };
		4234B3082212DF55002F6761 /* CatCurl.sks in Resources */ = {isa = PBXBuildFile; fileRef = 4234B3072212DF55002F6761 /* CatCurl.sks */; };
		42C61CBF21E71F80001A7FFD /* AppDelegate.swift in Sources */ = {isa = PBXBuildFile; fileRef = 42C61CBE21E71F80001A7FFD /* AppDelegate.swift */; };
		42C61CC121E71F80001A7FFD /* ViewController.swift in Sources */ = {isa = PBXBuildFile; fileRef = 42C61CC021E71F80001A7FFD /* ViewController.swift */; };
		42C61CC421E71F80001A7FFD /* Main.storyboard in Resources */ = {isa = PBXBuildFile; fileRef = 42C61CC221E71F80001A7FFD /* Main.storyboard */; };
		42C61CC621E71F80001A7FFD /* Assets.xcassets in Resources */ = {isa = PBXBuildFile; fileRef = 42C61CC521E71F80001A7FFD /* Assets.xcassets */; };
		42C61CC921E71F80001A7FFD /* LaunchScreen.storyboard in Resources */ = {isa = PBXBuildFile; fileRef = 42C61CC721E71F80001A7FFD /* LaunchScreen.storyboard */; };
		42C61CD121E722EC001A7FFD /* myScene.swift in Sources */ = {isa = PBXBuildFile; fileRef = 42C61CD021E722EC001A7FFD /* myScene.swift */; };
		42C61CD321E72722001A7FFD /* Actions.sks in Resources */ = {isa = PBXBuildFile; fileRef = 42C61CD221E72722001A7FFD /* Actions.sks */; };
		42C61CD521E73EF8001A7FFD /* gameScene.swift in Sources */ = {isa = PBXBuildFile; fileRef = 42C61CD421E73EF8001A7FFD /* gameScene.swift */; };
		42C61CD721EC9293001A7FFD /* ZombieScene.swift in Sources */ = {isa = PBXBuildFile; fileRef = 42C61CD621EC9293001A7FFD /* ZombieScene.swift */; };
		42C61CD921EDC834001A7FFD /* Utils.swift in Sources */ = {isa = PBXBuildFile; fileRef = 42C61CD821EDC834001A7FFD /* Utils.swift */; };
/* End PBXBuildFile section */

/* Begin PBXFileReference section */
		2A69D36F21F768250072AA22 /* lose.wav */ = {isa = PBXFileReference; lastKnownFileType = audio.wav; path = lose.wav; sourceTree = "<group>"; };
		2A69D37021F768250072AA22 /* hitCatLady.wav */ = {isa = PBXFileReference; lastKnownFileType = audio.wav; path = hitCatLady.wav; sourceTree = "<group>"; };
		2A69D37121F768250072AA22 /* hitCat.wav */ = {isa = PBXFileReference; lastKnownFileType = audio.wav; path = hitCat.wav; sourceTree = "<group>"; };
		2A69D37221F768250072AA22 /* backgroundMusic.mp3 */ = {isa = PBXFileReference; lastKnownFileType = audio.mp3; path = backgroundMusic.mp3; sourceTree = "<group>"; };
		2A69D37321F768250072AA22 /* win.wav */ = {isa = PBXFileReference; lastKnownFileType = audio.wav; path = win.wav; sourceTree = "<group>"; };
		2A69D37921F7685E0072AA22 /* GameOverScene.swift */ = {isa = PBXFileReference; lastKnownFileType = sourcecode.swift; path = GameOverScene.swift; sourceTree = "<group>"; };
		2A69D37B21FC13620072AA22 /* fontScene.swift */ = {isa = PBXFileReference; lastKnownFileType = sourcecode.swift; path = fontScene.swift; sourceTree = "<group>"; };
		2A69D37D21FC1EB80072AA22 /* GLIMSTIC.TTF */ = {isa = PBXFileReference; lastKnownFileType = file; path = GLIMSTIC.TTF; sourceTree = "<group>"; };
		2A69D38321FC24610072AA22 /* CatNap.app */ = {isa = PBXFileReference; explicitFileType = wrapper.application; includeInIndex = 0; path = CatNap.app; sourceTree = BUILT_PRODUCTS_DIR; };
		2A69D38521FC24610072AA22 /* AppDelegate.swift */ = {isa = PBXFileReference; lastKnownFileType = sourcecode.swift; path = AppDelegate.swift; sourceTree = "<group>"; };
		2A69D38B21FC24610072AA22 /* GameScene.swift */ = {isa = PBXFileReference; lastKnownFileType = sourcecode.swift; path = GameScene.swift; sourceTree = "<group>"; };
		2A69D38D21FC24610072AA22 /* GameViewController.swift */ = {isa = PBXFileReference; lastKnownFileType = sourcecode.swift; path = GameViewController.swift; sourceTree = "<group>"; };
		2A69D39021FC24610072AA22 /* Base */ = {isa = PBXFileReference; lastKnownFileType = file.storyboard; name = Base; path = Base.lproj/Main.storyboard; sourceTree = "<group>"; };
		2A69D39221FC24630072AA22 /* Assets.xcassets */ = {isa = PBXFileReference; lastKnownFileType = folder.assetcatalog; path = Assets.xcassets; sourceTree = "<group>"; };
		2A69D39521FC24630072AA22 /* Base */ = {isa = PBXFileReference; lastKnownFileType = file.storyboard; name = Base; path = Base.lproj/LaunchScreen.storyboard; sourceTree = "<group>"; };
		2A69D39721FC24630072AA22 /* Info.plist */ = {isa = PBXFileReference; lastKnownFileType = text.plist.xml; path = Info.plist; sourceTree = "<group>"; };
		2A69D39C21FC253C0072AA22 /* mrreow.mp3 */ = {isa = PBXFileReference; lastKnownFileType = audio.mp3; path = mrreow.mp3; sourceTree = "<group>"; };
		2A69D39D21FC253C0072AA22 /* pop.mp3 */ = {isa = PBXFileReference; lastKnownFileType = audio.mp3; path = pop.mp3; sourceTree = "<group>"; };
		2A69D39E21FC253C0072AA22 /* win.mp3 */ = {isa = PBXFileReference; lastKnownFileType = audio.mp3; path = win.mp3; sourceTree = "<group>"; };
		2A69D39F21FC253C0072AA22 /* lose.mp3 */ = {isa = PBXFileReference; lastKnownFileType = audio.mp3; path = lose.mp3; sourceTree = "<group>"; };
		2A69D3A021FC253C0072AA22 /* backgroundMusic.mp3 */ = {isa = PBXFileReference; lastKnownFileType = audio.mp3; path = backgroundMusic.mp3; sourceTree = "<group>"; };
		2A69D3CB21FC7E620072AA22 /* GameScene.sks */ = {isa = PBXFileReference; lastKnownFileType = file.sks; path = GameScene.sks; sourceTree = "<group>"; };
		2A69D3CF21FC88640072AA22 /* Cat.sks */ = {isa = PBXFileReference; lastKnownFileType = file.sks; path = Cat.sks; sourceTree = "<group>"; };
		4234B2E422128695002F6761 /* BedNode.swift */ = {isa = PBXFileReference; lastKnownFileType = sourcecode.swift; path = BedNode.swift; sourceTree = "<group>"; };
		4234B2E62212A829002F6761 /* CatNode.swift */ = {isa = PBXFileReference; lastKnownFileType = sourcecode.swift; path = CatNode.swift; sourceTree = "<group>"; };
		4234B2E92212B651002F6761 /* SKColor+Extensions.swift */ = {isa = PBXFileReference; fileEncoding = 4; lastKnownFileType = sourcecode.swift; path = "SKColor+Extensions.swift"; sourceTree = "<group>"; };
		4234B2EA2212B651002F6761 /* CGVector+Extensions.swift */ = {isa = PBXFileReference; fileEncoding = 4; lastKnownFileType = sourcecode.swift; path = "CGVector+Extensions.swift"; sourceTree = "<group>"; };
		4234B2EB2212B651002F6761 /* Int+Extensions.swift */ = {isa = PBXFileReference; fileEncoding = 4; lastKnownFileType = sourcecode.swift; path = "Int+Extensions.swift"; sourceTree = "<group>"; };
		4234B2EC2212B651002F6761 /* SKTTimingFunctions.swift */ = {isa = PBXFileReference; fileEncoding = 4; lastKnownFileType = sourcecode.swift; path = SKTTimingFunctions.swift; sourceTree = "<group>"; };
		4234B2ED2212B651002F6761 /* SKAction+Extensions.swift */ = {isa = PBXFileReference; fileEncoding = 4; lastKnownFileType = sourcecode.swift; path = "SKAction+Extensions.swift"; sourceTree = "<group>"; };
		4234B2EE2212B651002F6761 /* SKAction+SpecialEffects.swift */ = {isa = PBXFileReference; fileEncoding = 4; lastKnownFileType = sourcecode.swift; path = "SKAction+SpecialEffects.swift"; sourceTree = "<group>"; };
		4234B2EF2212B651002F6761 /* SKNode+Extensions.swift */ = {isa = PBXFileReference; fileEncoding = 4; lastKnownFileType = sourcecode.swift; path = "SKNode+Extensions.swift"; sourceTree = "<group>"; };
		4234B2F02212B651002F6761 /* CGPoint+Extensions.swift */ = {isa = PBXFileReference; fileEncoding = 4; lastKnownFileType = sourcecode.swift; path = "CGPoint+Extensions.swift"; sourceTree = "<group>"; };
		4234B2F12212B651002F6761 /* SKTEffects.swift */ = {isa = PBXFileReference; fileEncoding = 4; lastKnownFileType = sourcecode.swift; path = SKTEffects.swift; sourceTree = "<group>"; };
		4234B2F22212B651002F6761 /* SKTAudio.swift */ = {isa = PBXFileReference; fileEncoding = 4; lastKnownFileType = sourcecode.swift; path = SKTAudio.swift; sourceTree = "<group>"; };
		4234B2F32212B651002F6761 /* Vector3.swift */ = {isa = PBXFileReference; fileEncoding = 4; lastKnownFileType = sourcecode.swift; path = Vector3.swift; sourceTree = "<group>"; };
		4234B2F42212B651002F6761 /* CGFloat+Extensions.swift */ = {isa = PBXFileReference; fileEncoding = 4; lastKnownFileType = sourcecode.swift; path = "CGFloat+Extensions.swift"; sourceTree = "<group>"; };
		4234B3012212C3FF002F6761 /* BlockNode.swift */ = {isa = PBXFileReference; lastKnownFileType = sourcecode.swift; path = BlockNode.swift; sourceTree = "<group>"; };
		4234B3032212D8C3002F6761 /* MessageNode.swift */ = {isa = PBXFileReference; lastKnownFileType = sourcecode.swift; path = MessageNode.swift; sourceTree = "<group>"; };
		4234B3052212DCEA002F6761 /* CatWakeUp.sks */ = {isa = PBXFileReference; lastKnownFileType = file.sks; path = CatWakeUp.sks; sourceTree = "<group>"; };
		4234B3072212DF55002F6761 /* CatCurl.sks */ = {isa = PBXFileReference; lastKnownFileType = file.sks; path = CatCurl.sks; sourceTree = "<group>"; };
		42C61CBB21E71F80001A7FFD /* mygame.app */ = {isa = PBXFileReference; explicitFileType = wrapper.application; includeInIndex = 0; path = mygame.app; sourceTree = BUILT_PRODUCTS_DIR; };
		42C61CBE21E71F80001A7FFD /* AppDelegate.swift */ = {isa = PBXFileReference; lastKnownFileType = sourcecode.swift; path = AppDelegate.swift; sourceTree = "<group>"; };
		42C61CC021E71F80001A7FFD /* ViewController.swift */ = {isa = PBXFileReference; lastKnownFileType = sourcecode.swift; path = ViewController.swift; sourceTree = "<group>"; };
		42C61CC321E71F80001A7FFD /* Base */ = {isa = PBXFileReference; lastKnownFileType = file.storyboard; name = Base; path = Base.lproj/Main.storyboard; sourceTree = "<group>"; };
		42C61CC521E71F80001A7FFD /* Assets.xcassets */ = {isa = PBXFileReference; lastKnownFileType = folder.assetcatalog; path = Assets.xcassets; sourceTree = "<group>"; };
		42C61CC821E71F80001A7FFD /* Base */ = {isa = PBXFileReference; lastKnownFileType = file.storyboard; name = Base; path = Base.lproj/LaunchScreen.storyboard; sourceTree = "<group>"; };
		42C61CCA21E71F80001A7FFD /* Info.plist */ = {isa = PBXFileReference; lastKnownFileType = text.plist.xml; path = Info.plist; sourceTree = "<group>"; };
		42C61CD021E722EC001A7FFD /* myScene.swift */ = {isa = PBXFileReference; lastKnownFileType = sourcecode.swift; path = myScene.swift; sourceTree = "<group>"; };
		42C61CD221E72722001A7FFD /* Actions.sks */ = {isa = PBXFileReference; lastKnownFileType = file.sks; path = Actions.sks; sourceTree = "<group>"; };
		42C61CD421E73EF8001A7FFD /* gameScene.swift */ = {isa = PBXFileReference; lastKnownFileType = sourcecode.swift; path = gameScene.swift; sourceTree = "<group>"; };
		42C61CD621EC9293001A7FFD /* ZombieScene.swift */ = {isa = PBXFileReference; lastKnownFileType = sourcecode.swift; path = ZombieScene.swift; sourceTree = "<group>"; };
		42C61CD821EDC834001A7FFD /* Utils.swift */ = {isa = PBXFileReference; lastKnownFileType = sourcecode.swift; path = Utils.swift; sourceTree = "<group>"; };
/* End PBXFileReference section */

/* Begin PBXFrameworksBuildPhase section */
		2A69D38021FC24610072AA22 /* Frameworks */ = {
			isa = PBXFrameworksBuildPhase;
			buildActionMask = 2147483647;
			files = (
			);
			runOnlyForDeploymentPostprocessing = 0;
		};
		42C61CB821E71F80001A7FFD /* Frameworks */ = {
			isa = PBXFrameworksBuildPhase;
			buildActionMask = 2147483647;
			files = (
			);
			runOnlyForDeploymentPostprocessing = 0;
		};
/* End PBXFrameworksBuildPhase section */

/* Begin PBXGroup section */
		2A69D36E21F768090072AA22 /* music */ = {
			isa = PBXGroup;
			children = (
				2A69D37D21FC1EB80072AA22 /* GLIMSTIC.TTF */,
				2A69D37221F768250072AA22 /* backgroundMusic.mp3 */,
				2A69D37121F768250072AA22 /* hitCat.wav */,
				2A69D37021F768250072AA22 /* hitCatLady.wav */,
				2A69D36F21F768250072AA22 /* lose.wav */,
				2A69D37321F768250072AA22 /* win.wav */,
			);
			path = music;
			sourceTree = "<group>";
		};
		2A69D38421FC24610072AA22 /* CatNap */ = {
			isa = PBXGroup;
			children = (
				4234B2E82212B651002F6761 /* SKTUtils */,
				2A69D3CE21FC87E90072AA22 /* Scenes */,
				2A69D39B21FC253C0072AA22 /* Sounds */,
				2A69D38521FC24610072AA22 /* AppDelegate.swift */,
				2A69D38B21FC24610072AA22 /* GameScene.swift */,
				2A69D38D21FC24610072AA22 /* GameViewController.swift */,
				4234B2E422128695002F6761 /* BedNode.swift */,
				4234B2E62212A829002F6761 /* CatNode.swift */,
				4234B3012212C3FF002F6761 /* BlockNode.swift */,
				4234B3032212D8C3002F6761 /* MessageNode.swift */,
				2A69D38F21FC24610072AA22 /* Main.storyboard */,
				2A69D39221FC24630072AA22 /* Assets.xcassets */,
				2A69D39421FC24630072AA22 /* LaunchScreen.storyboard */,
				2A69D39721FC24630072AA22 /* Info.plist */,
			);
			path = CatNap;
			sourceTree = "<group>";
		};
		2A69D39B21FC253C0072AA22 /* Sounds */ = {
			isa = PBXGroup;
			children = (
				2A69D39C21FC253C0072AA22 /* mrreow.mp3 */,
				2A69D39D21FC253C0072AA22 /* pop.mp3 */,
				2A69D39E21FC253C0072AA22 /* win.mp3 */,
				2A69D39F21FC253C0072AA22 /* lose.mp3 */,
				2A69D3A021FC253C0072AA22 /* backgroundMusic.mp3 */,
			);
			path = Sounds;
			sourceTree = "<group>";
		};
		2A69D3CE21FC87E90072AA22 /* Scenes */ = {
			isa = PBXGroup;
			children = (
				2A69D3CB21FC7E620072AA22 /* GameScene.sks */,
				2A69D3CF21FC88640072AA22 /* Cat.sks */,
				4234B3052212DCEA002F6761 /* CatWakeUp.sks */,
				4234B3072212DF55002F6761 /* CatCurl.sks */,
			);
			path = Scenes;
			sourceTree = "<group>";
		};
		4234B2E82212B651002F6761 /* SKTUtils */ = {
			isa = PBXGroup;
			children = (
				4234B2E92212B651002F6761 /* SKColor+Extensions.swift */,
				4234B2EA2212B651002F6761 /* CGVector+Extensions.swift */,
				4234B2EB2212B651002F6761 /* Int+Extensions.swift */,
				4234B2EC2212B651002F6761 /* SKTTimingFunctions.swift */,
				4234B2ED2212B651002F6761 /* SKAction+Extensions.swift */,
				4234B2EE2212B651002F6761 /* SKAction+SpecialEffects.swift */,
				4234B2EF2212B651002F6761 /* SKNode+Extensions.swift */,
				4234B2F02212B651002F6761 /* CGPoint+Extensions.swift */,
				4234B2F12212B651002F6761 /* SKTEffects.swift */,
				4234B2F22212B651002F6761 /* SKTAudio.swift */,
				4234B2F32212B651002F6761 /* Vector3.swift */,
				4234B2F42212B651002F6761 /* CGFloat+Extensions.swift */,
			);
			path = SKTUtils;
			sourceTree = "<group>";
		};
		42C61CB221E71F80001A7FFD = {
			isa = PBXGroup;
			children = (
				42C61CBD21E71F80001A7FFD /* mygame */,
				2A69D38421FC24610072AA22 /* CatNap */,
				42C61CBC21E71F80001A7FFD /* Products */,
			);
			sourceTree = "<group>";
		};
		42C61CBC21E71F80001A7FFD /* Products */ = {
			isa = PBXGroup;
			children = (
				42C61CBB21E71F80001A7FFD /* mygame.app */,
				2A69D38321FC24610072AA22 /* CatNap.app */,
			);
			name = Products;
			sourceTree = "<group>";
		};
		42C61CBD21E71F80001A7FFD /* mygame */ = {
			isa = PBXGroup;
			children = (
				2A69D36E21F768090072AA22 /* music */,
				42C61CD221E72722001A7FFD /* Actions.sks */,
				42C61CBE21E71F80001A7FFD /* AppDelegate.swift */,
				42C61CD021E722EC001A7FFD /* myScene.swift */,
				42C61CD421E73EF8001A7FFD /* gameScene.swift */,
				42C61CD621EC9293001A7FFD /* ZombieScene.swift */,
				2A69D37921F7685E0072AA22 /* GameOverScene.swift */,
				2A69D37B21FC13620072AA22 /* fontScene.swift */,
				42C61CC021E71F80001A7FFD /* ViewController.swift */,
				42C61CD821EDC834001A7FFD /* Utils.swift */,
				42C61CC221E71F80001A7FFD /* Main.storyboard */,
				42C61CC521E71F80001A7FFD /* Assets.xcassets */,
				42C61CC721E71F80001A7FFD /* LaunchScreen.storyboard */,
				42C61CCA21E71F80001A7FFD /* Info.plist */,
			);
			path = mygame;
			sourceTree = "<group>";
		};
/* End PBXGroup section */

/* Begin PBXNativeTarget section */
		2A69D38221FC24610072AA22 /* CatNap */ = {
			isa = PBXNativeTarget;
			buildConfigurationList = 2A69D39821FC24630072AA22 /* Build configuration list for PBXNativeTarget "CatNap" */;
			buildPhases = (
				2A69D37F21FC24610072AA22 /* Sources */,
				2A69D38021FC24610072AA22 /* Frameworks */,
				2A69D38121FC24610072AA22 /* Resources */,
			);
			buildRules = (
			);
			dependencies = (
			);
			name = CatNap;
			productName = CatNap;
			productReference = 2A69D38321FC24610072AA22 /* CatNap.app */;
			productType = "com.apple.product-type.application";
		};
		42C61CBA21E71F80001A7FFD /* mygame */ = {
			isa = PBXNativeTarget;
			buildConfigurationList = 42C61CCD21E71F80001A7FFD /* Build configuration list for PBXNativeTarget "mygame" */;
			buildPhases = (
				42C61CB721E71F80001A7FFD /* Sources */,
				42C61CB821E71F80001A7FFD /* Frameworks */,
				42C61CB921E71F80001A7FFD /* Resources */,
			);
			buildRules = (
			);
			dependencies = (
			);
			name = mygame;
			productName = mygame;
			productReference = 42C61CBB21E71F80001A7FFD /* mygame.app */;
			productType = "com.apple.product-type.application";
		};
/* End PBXNativeTarget section */

/* Begin PBXProject section */
		42C61CB321E71F80001A7FFD /* Project object */ = {
			isa = PBXProject;
			attributes = {
				LastSwiftUpdateCheck = 1010;
				LastUpgradeCheck = 1010;
				ORGANIZATIONNAME = chenchao;
				TargetAttributes = {
					2A69D38221FC24610072AA22 = {
						CreatedOnToolsVersion = 10.1;
					};
					42C61CBA21E71F80001A7FFD = {
						CreatedOnToolsVersion = 10.1;
					};
				};
			};
			buildConfigurationList = 42C61CB621E71F80001A7FFD /* Build configuration list for PBXProject "mygame" */;
			compatibilityVersion = "Xcode 9.3";
			developmentRegion = en;
			hasScannedForEncodings = 0;
			knownRegions = (
				en,
				Base,
			);
			mainGroup = 42C61CB221E71F80001A7FFD;
			productRefGroup = 42C61CBC21E71F80001A7FFD /* Products */;
			projectDirPath = "";
			projectRoot = "";
			targets = (
				42C61CBA21E71F80001A7FFD /* mygame */,
				2A69D38221FC24610072AA22 /* CatNap */,
			);
		};
/* End PBXProject section */

/* Begin PBXResourcesBuildPhase section */
		2A69D38121FC24610072AA22 /* Resources */ = {
			isa = PBXResourcesBuildPhase;
			buildActionMask = 2147483647;
			files = (
				2A69D3A121FC253C0072AA22 /* mrreow.mp3 in Resources */,
				2A69D39121FC24610072AA22 /* Main.storyboard in Resources */,
				2A69D3A521FC253C0072AA22 /* backgroundMusic.mp3 in Resources */,
				4234B3062212DCEA002F6761 /* CatWakeUp.sks in Resources */,
				4234B3082212DF55002F6761 /* CatCurl.sks in Resources */,
				2A69D39321FC24630072AA22 /* Assets.xcassets in Resources */,
				2A69D3A321FC253C0072AA22 /* win.mp3 in Resources */,
				2A69D3CD21FC7E620072AA22 /* GameScene.sks in Resources */,
				2A69D3A421FC253C0072AA22 /* lose.mp3 in Resources */,
				2A69D39621FC24630072AA22 /* LaunchScreen.storyboard in Resources */,
				2A69D3A221FC253C0072AA22 /* pop.mp3 in Resources */,
				2A69D3D021FC88640072AA22 /* Cat.sks in Resources */,
			);
			runOnlyForDeploymentPostprocessing = 0;
		};
		42C61CB921E71F80001A7FFD /* Resources */ = {
			isa = PBXResourcesBuildPhase;
			buildActionMask = 2147483647;
			files = (
				2A69D37621F768250072AA22 /* hitCat.wav in Resources */,
				2A69D37421F768250072AA22 /* lose.wav in Resources */,
				2A69D37E21FC1EB80072AA22 /* GLIMSTIC.TTF in Resources */,
				2A69D37721F768250072AA22 /* backgroundMusic.mp3 in Resources */,
				42C61CC921E71F80001A7FFD /* LaunchScreen.storyboard in Resources */,
				42C61CC621E71F80001A7FFD /* Assets.xcassets in Resources */,
				2A69D37521F768250072AA22 /* hitCatLady.wav in Resources */,
				2A69D37821F768250072AA22 /* win.wav in Resources */,
				42C61CC421E71F80001A7FFD /* Main.storyboard in Resources */,
				42C61CD321E72722001A7FFD /* Actions.sks in Resources */,
			);
			runOnlyForDeploymentPostprocessing = 0;
		};
/* End PBXResourcesBuildPhase section */

/* Begin PBXSourcesBuildPhase section */
		2A69D37F21FC24610072AA22 /* Sources */ = {
			isa = PBXSourcesBuildPhase;
			buildActionMask = 2147483647;
			files = (
				2A69D38C21FC24610072AA22 /* GameScene.swift in Sources */,
				4234B3042212D8C3002F6761 /* MessageNode.swift in Sources */,
				4234B2F92212B651002F6761 /* SKAction+Extensions.swift in Sources */,
				4234B2F82212B651002F6761 /* SKTTimingFunctions.swift in Sources */,
				4234B2F62212B651002F6761 /* CGVector+Extensions.swift in Sources */,
				4234B2FC2212B651002F6761 /* CGPoint+Extensions.swift in Sources */,
				4234B2FA2212B651002F6761 /* SKAction+SpecialEffects.swift in Sources */,
				4234B2FE2212B651002F6761 /* SKTAudio.swift in Sources */,
				4234B2FB2212B651002F6761 /* SKNode+Extensions.swift in Sources */,
				4234B2FD2212B651002F6761 /* SKTEffects.swift in Sources */,
				4234B3022212C3FF002F6761 /* BlockNode.swift in Sources */,
				4234B2F52212B651002F6761 /* SKColor+Extensions.swift in Sources */,
				4234B2E72212A829002F6761 /* CatNode.swift in Sources */,
				4234B2E522128695002F6761 /* BedNode.swift in Sources */,
				4234B2F72212B651002F6761 /* Int+Extensions.swift in Sources */,
				2A69D38E21FC24610072AA22 /* GameViewController.swift in Sources */,
				4234B3002212B651002F6761 /* CGFloat+Extensions.swift in Sources */,
				4234B2FF2212B651002F6761 /* Vector3.swift in Sources */,
				2A69D38621FC24610072AA22 /* AppDelegate.swift in Sources */,
			);
			runOnlyForDeploymentPostprocessing = 0;
		};
		42C61CB721E71F80001A7FFD /* Sources */ = {
			isa = PBXSourcesBuildPhase;
			buildActionMask = 2147483647;
			files = (
				42C61CD721EC9293001A7FFD /* ZombieScene.swift in Sources */,
				42C61CC121E71F80001A7FFD /* ViewController.swift in Sources */,
				2A69D37A21F7685E0072AA22 /* GameOverScene.swift in Sources */,
				42C61CD121E722EC001A7FFD /* myScene.swift in Sources */,
				42C61CD521E73EF8001A7FFD /* gameScene.swift in Sources */,
				42C61CBF21E71F80001A7FFD /* AppDelegate.swift in Sources */,
				42C61CD921EDC834001A7FFD /* Utils.swift in Sources */,
				2A69D37C21FC13620072AA22 /* fontScene.swift in Sources */,
			);
			runOnlyForDeploymentPostprocessing = 0;
		};
/* End PBXSourcesBuildPhase section */

/* Begin PBXVariantGroup section */
		2A69D38F21FC24610072AA22 /* Main.storyboard */ = {
			isa = PBXVariantGroup;
			children = (
				2A69D39021FC24610072AA22 /* Base */,
			);
			name = Main.storyboard;
			sourceTree = "<group>";
		};
		2A69D39421FC24630072AA22 /* LaunchScreen.storyboard */ = {
			isa = PBXVariantGroup;
			children = (
				2A69D39521FC24630072AA22 /* Base */,
			);
			name = LaunchScreen.storyboard;
			sourceTree = "<group>";
		};
		42C61CC221E71F80001A7FFD /* Main.storyboard */ = {
			isa = PBXVariantGroup;
			children = (
				42C61CC321E71F80001A7FFD /* Base */,
			);
			name = Main.storyboard;
			sourceTree = "<group>";
		};
		42C61CC721E71F80001A7FFD /* LaunchScreen.storyboard */ = {
			isa = PBXVariantGroup;
			children = (
				42C61CC821E71F80001A7FFD /* Base */,
			);
			name = LaunchScreen.storyboard;
			sourceTree = "<group>";
		};
/* End PBXVariantGroup section */

/* Begin XCBuildConfiguration section */
		2A69D39921FC24630072AA22 /* Debug */ = {
			isa = XCBuildConfiguration;
			buildSettings = {
				ASSETCATALOG_COMPILER_APPICON_NAME = AppIcon;
				CODE_SIGN_STYLE = Automatic;
				DEVELOPMENT_TEAM = 6AS4N82Q9E;
				INFOPLIST_FILE = CatNap/Info.plist;
				IPHONEOS_DEPLOYMENT_TARGET = 10.0;
				LD_RUNPATH_SEARCH_PATHS = (
					"$(inherited)",
					"@executable_path/Frameworks",
				);
				PRODUCT_BUNDLE_IDENTIFIER = com.cc.CatNap;
				PRODUCT_NAME = "$(TARGET_NAME)";
				SWIFT_VERSION = 4.2;
				TARGETED_DEVICE_FAMILY = "1,2";
			};
			name = Debug;
		};
		2A69D39A21FC24630072AA22 /* Release */ = {
			isa = XCBuildConfiguration;
			buildSettings = {
				ASSETCATALOG_COMPILER_APPICON_NAME = AppIcon;
				CODE_SIGN_STYLE = Automatic;
				DEVELOPMENT_TEAM = 6AS4N82Q9E;
				INFOPLIST_FILE = CatNap/Info.plist;
				IPHONEOS_DEPLOYMENT_TARGET = 10.0;
				LD_RUNPATH_SEARCH_PATHS = (
					"$(inherited)",
					"@executable_path/Frameworks",
				);
				PRODUCT_BUNDLE_IDENTIFIER = com.cc.CatNap;
				PRODUCT_NAME = "$(TARGET_NAME)";
				SWIFT_VERSION = 4.2;
				TARGETED_DEVICE_FAMILY = "1,2";
			};
			name = Release;
		};
		42C61CCB21E71F80001A7FFD /* Debug */ = {
			isa = XCBuildConfiguration;
			buildSettings = {
				ALWAYS_SEARCH_USER_PATHS = NO;
				CLANG_ANALYZER_NONNULL = YES;
				CLANG_ANALYZER_NUMBER_OBJECT_CONVERSION = YES_AGGRESSIVE;
				CLANG_CXX_LANGUAGE_STANDARD = "gnu++14";
				CLANG_CXX_LIBRARY = "libc++";
				CLANG_ENABLE_MODULES = YES;
				CLANG_ENABLE_OBJC_ARC = YES;
				CLANG_ENABLE_OBJC_WEAK = YES;
				CLANG_WARN_BLOCK_CAPTURE_AUTORELEASING = YES;
				CLANG_WARN_BOOL_CONVERSION = YES;
				CLANG_WARN_COMMA = YES;
				CLANG_WARN_CONSTANT_CONVERSION = YES;
				CLANG_WARN_DEPRECATED_OBJC_IMPLEMENTATIONS = YES;
				CLANG_WARN_DIRECT_OBJC_ISA_USAGE = YES_ERROR;
				CLANG_WARN_DOCUMENTATION_COMMENTS = YES;
				CLANG_WARN_EMPTY_BODY = YES;
				CLANG_WARN_ENUM_CONVERSION = YES;
				CLANG_WARN_INFINITE_RECURSION = YES;
				CLANG_WARN_INT_CONVERSION = YES;
				CLANG_WARN_NON_LITERAL_NULL_CONVERSION = YES;
				CLANG_WARN_OBJC_IMPLICIT_RETAIN_SELF = YES;
				CLANG_WARN_OBJC_LITERAL_CONVERSION = YES;
				CLANG_WARN_OBJC_ROOT_CLASS = YES_ERROR;
				CLANG_WARN_RANGE_LOOP_ANALYSIS = YES;
				CLANG_WARN_STRICT_PROTOTYPES = YES;
				CLANG_WARN_SUSPICIOUS_MOVE = YES;
				CLANG_WARN_UNGUARDED_AVAILABILITY = YES_AGGRESSIVE;
				CLANG_WARN_UNREACHABLE_CODE = YES;
				CLANG_WARN__DUPLICATE_METHOD_MATCH = YES;
				CODE_SIGN_IDENTITY = "iPhone Developer";
				COPY_PHASE_STRIP = NO;
				DEBUG_INFORMATION_FORMAT = dwarf;
				ENABLE_STRICT_OBJC_MSGSEND = YES;
				ENABLE_TESTABILITY = YES;
				GCC_C_LANGUAGE_STANDARD = gnu11;
				GCC_DYNAMIC_NO_PIC = NO;
				GCC_NO_COMMON_BLOCKS = YES;
				GCC_OPTIMIZATION_LEVEL = 0;
				GCC_PREPROCESSOR_DEFINITIONS = (
					"DEBUG=1",
					"$(inherited)",
				);
				GCC_WARN_64_TO_32_BIT_CONVERSION = YES;
				GCC_WARN_ABOUT_RETURN_TYPE = YES_ERROR;
				GCC_WARN_UNDECLARED_SELECTOR = YES;
				GCC_WARN_UNINITIALIZED_AUTOS = YES_AGGRESSIVE;
				GCC_WARN_UNUSED_FUNCTION = YES;
				GCC_WARN_UNUSED_VARIABLE = YES;
				IPHONEOS_DEPLOYMENT_TARGET = 12.1;
				MTL_ENABLE_DEBUG_INFO = INCLUDE_SOURCE;
				MTL_FAST_MATH = YES;
				ONLY_ACTIVE_ARCH = YES;
				SDKROOT = iphoneos;
				SWIFT_ACTIVE_COMPILATION_CONDITIONS = DEBUG;
				SWIFT_OPTIMIZATION_LEVEL = "-Onone";
			};
			name = Debug;
		};
		42C61CCC21E71F80001A7FFD /* Release */ = {
			isa = XCBuildConfiguration;
			buildSettings = {
				ALWAYS_SEARCH_USER_PATHS = NO;
				CLANG_ANALYZER_NONNULL = YES;
				CLANG_ANALYZER_NUMBER_OBJECT_CONVERSION = YES_AGGRESSIVE;
				CLANG_CXX_LANGUAGE_STANDARD = "gnu++14";
				CLANG_CXX_LIBRARY = "libc++";
				CLANG_ENABLE_MODULES = YES;
				CLANG_ENABLE_OBJC_ARC = YES;
				CLANG_ENABLE_OBJC_WEAK = YES;
				CLANG_WARN_BLOCK_CAPTURE_AUTORELEASING = YES;
				CLANG_WARN_BOOL_CONVERSION = YES;
				CLANG_WARN_COMMA = YES;
				CLANG_WARN_CONSTANT_CONVERSION = YES;
				CLANG_WARN_DEPRECATED_OBJC_IMPLEMENTATIONS = YES;
				CLANG_WARN_DIRECT_OBJC_ISA_USAGE = YES_ERROR;
				CLANG_WARN_DOCUMENTATION_COMMENTS = YES;
				CLANG_WARN_EMPTY_BODY = YES;
				CLANG_WARN_ENUM_CONVERSION = YES;
				CLANG_WARN_INFINITE_RECURSION = YES;
				CLANG_WARN_INT_CONVERSION = YES;
				CLANG_WARN_NON_LITERAL_NULL_CONVERSION = YES;
				CLANG_WARN_OBJC_IMPLICIT_RETAIN_SELF = YES;
				CLANG_WARN_OBJC_LITERAL_CONVERSION = YES;
				CLANG_WARN_OBJC_ROOT_CLASS = YES_ERROR;
				CLANG_WARN_RANGE_LOOP_ANALYSIS = YES;
				CLANG_WARN_STRICT_PROTOTYPES = YES;
				CLANG_WARN_SUSPICIOUS_MOVE = YES;
				CLANG_WARN_UNGUARDED_AVAILABILITY = YES_AGGRESSIVE;
				CLANG_WARN_UNREACHABLE_CODE = YES;
				CLANG_WARN__DUPLICATE_METHOD_MATCH = YES;
				CODE_SIGN_IDENTITY = "iPhone Developer";
				COPY_PHASE_STRIP = NO;
				DEBUG_INFORMATION_FORMAT = "dwarf-with-dsym";
				ENABLE_NS_ASSERTIONS = NO;
				ENABLE_STRICT_OBJC_MSGSEND = YES;
				GCC_C_LANGUAGE_STANDARD = gnu11;
				GCC_NO_COMMON_BLOCKS = YES;
				GCC_WARN_64_TO_32_BIT_CONVERSION = YES;
				GCC_WARN_ABOUT_RETURN_TYPE = YES_ERROR;
				GCC_WARN_UNDECLARED_SELECTOR = YES;
				GCC_WARN_UNINITIALIZED_AUTOS = YES_AGGRESSIVE;
				GCC_WARN_UNUSED_FUNCTION = YES;
				GCC_WARN_UNUSED_VARIABLE = YES;
				IPHONEOS_DEPLOYMENT_TARGET = 12.1;
				MTL_ENABLE_DEBUG_INFO = NO;
				MTL_FAST_MATH = YES;
				SDKROOT = iphoneos;
				SWIFT_COMPILATION_MODE = wholemodule;
				SWIFT_OPTIMIZATION_LEVEL = "-O";
				VALIDATE_PRODUCT = YES;
			};
			name = Release;
		};
		42C61CCE21E71F80001A7FFD /* Debug */ = {
			isa = XCBuildConfiguration;
			buildSettings = {
				ASSETCATALOG_COMPILER_APPICON_NAME = AppIcon;
				CODE_SIGN_STYLE = Automatic;
				DEVELOPMENT_TEAM = 6AS4N82Q9E;
				INFOPLIST_FILE = mygame/Info.plist;
				IPHONEOS_DEPLOYMENT_TARGET = 10.0;
				LD_RUNPATH_SEARCH_PATHS = (
					"$(inherited)",
					"@executable_path/Frameworks",
				);
				PRODUCT_BUNDLE_IDENTIFIER = eco.ttc.game.mygame;
				PRODUCT_NAME = "$(TARGET_NAME)";
				SWIFT_VERSION = 4.2;
				TARGETED_DEVICE_FAMILY = "1,2";
			};
			name = Debug;
		};
		42C61CCF21E71F80001A7FFD /* Release */ = {
			isa = XCBuildConfiguration;
			buildSettings = {
				ASSETCATALOG_COMPILER_APPICON_NAME = AppIcon;
				CODE_SIGN_STYLE = Automatic;
				DEVELOPMENT_TEAM = 6AS4N82Q9E;
				INFOPLIST_FILE = mygame/Info.plist;
				IPHONEOS_DEPLOYMENT_TARGET = 10.0;
				LD_RUNPATH_SEARCH_PATHS = (
					"$(inherited)",
					"@executable_path/Frameworks",
				);
				PRODUCT_BUNDLE_IDENTIFIER = eco.ttc.game.mygame;
				PRODUCT_NAME = "$(TARGET_NAME)";
				SWIFT_VERSION = 4.2;
				TARGETED_DEVICE_FAMILY = "1,2";
			};
			name = Release;
		};
/* End XCBuildConfiguration section */

/* Begin XCConfigurationList section */
		2A69D39821FC24630072AA22 /* Build configuration list for PBXNativeTarget "CatNap" */ = {
			isa = XCConfigurationList;
			buildConfigurations = (
				2A69D39921FC24630072AA22 /* Debug */,
				2A69D39A21FC24630072AA22 /* Release */,
			);
			defaultConfigurationIsVisible = 0;
			defaultConfigurationName = Release;
		};
		42C61CB621E71F80001A7FFD /* Build configuration list for PBXProject "mygame" */ = {
			isa = XCConfigurationList;
			buildConfigurations = (
				42C61CCB21E71F80001A7FFD /* Debug */,
				42C61CCC21E71F80001A7FFD /* Release */,
			);
			defaultConfigurationIsVisible = 0;
			defaultConfigurationName = Release;
		};
		42C61CCD21E71F80001A7FFD /* Build configuration list for PBXNativeTarget "mygame" */ = {
			isa = XCConfigurationList;
			buildConfigurations = (
				42C61CCE21E71F80001A7FFD /* Debug */,
				42C61CCF21E71F80001A7FFD /* Release */,
			);
			defaultConfigurationIsVisible = 0;
			defaultConfigurationName = Release;
		};
/* End XCConfigurationList section */
	};
	rootObject = 42C61CB321E71F80001A7FFD /* Project object */;
}
